
Microsoft Visual Studio Solution File, Format Version 12.00
# Visual Studio Version 16
VisualStudioVersion = 16.0.31129.286
MinimumVisualStudioVersion = 10.0.40219.1
Project("{FAE04EC0-301F-11D3-BF4B-00C04F79EFBC}") = "ServCar", "ServCar\ServCar.csproj", "{04BA6D23-95B1-4C6E-9DC0-2CEA3BD98A36}"
EndProject
Global
	GlobalSection(SolutionConfigurationPlatforms) = preSolution
		Debug|Any CPU = Debug|Any CPU
		Release|Any CPU = Release|Any CPU
	EndGlobalSection
	GlobalSection(ProjectConfigurationPlatforms) = postSolution
		{04BA6D23-95B1-4C6E-9DC0-2CEA3BD98A36}.Debug|Any CPU.ActiveCfg = Debug|Any CPU
		{04BA6D23-95B1-4C6E-9DC0-2CEA3BD98A36}.Debug|Any CPU.Build.0 = Debug|Any CPU
		{04BA6D23-95B1-4C6E-9DC0-2CEA3BD98A36}.Release|Any CPU.ActiveCfg = Release|Any CPU
		{04BA6D23-95B1-4C6E-9DC0-2CEA3BD98A36}.Release|Any CPU.Build.0 = Release|Any CPU
	EndGlobalSection
	GlobalSection(SolutionProperties) = preSolution
		HideSolutionNode = FALSE
	EndGlobalSection
	GlobalSection(ExtensibilityGlobals) = postSolution
		SolutionGuid = {237A302A-1055-4E34-AF03-407FE34EFF19}
	EndGlobalSection
EndGlobal
